
build-essential=12.9
git=1:2.39.2-1.1
libffi-dev=3.4.4-1
liblzma-dev=5.4.1-0.2
libncurses5-dev=6.4-4
libncursesw5-dev=6.4-4
libreadline-dev=8.2-1.3
libsqlite3-dev=3.40.1-2
libssl-dev=3.0.11-1~deb12u2
libbz2-dev=1.0.8-5+b1
llvm=1:14.0-55.7~deb12u1
make=4.3-4.1
tk-dev=8.6.13
wget=1.21.3-1+b2
xz-utils=5.4.1-0.2
